
Microsoft Visual Studio Solution File, Format Version 12.00
# Visual Studio Version 17
VisualStudioVersion = 17.8.34316.72
MinimumVisualStudioVersion = 10.0.40219.1
Project("{8BC9CEB8-8B4A-11D0-8D11-00A0C91BC942}") = "SOKOBAN", "SOKOBAN.vcxproj", "{E9DAB714-AD1F-4C21-A6C6-21B54F8DF86F}"
EndProject
Project("{8BC9CEB8-8B4A-11D0-8D11-00A0C91BC942}") = "showfont", "..\showfont\showfont.vcxproj", "{EF3D102D-19C4-4BD6-8968-A42638B548F3}"
EndProject
Global
	GlobalSection(SolutionConfigurationPlatforms) = preSolution
		Debug|x64 = Debug|x64
		Debug|x86 = Debug|x86
		Release|x64 = Release|x64
		Release|x86 = Release|x86
	EndGlobalSection
	GlobalSection(ProjectConfigurationPlatforms) = postSolution
		{E9DAB714-AD1F-4C21-A6C6-21B54F8DF86F}.Debug|x64.ActiveCfg = Debug|x64
		{E9DAB714-AD1F-4C21-A6C6-21B54F8DF86F}.Debug|x64.Build.0 = Debug|x64
		{E9DAB714-AD1F-4C21-A6C6-21B54F8DF86F}.Debug|x86.ActiveCfg = Debug|Win32
		{E9DAB714-AD1F-4C21-A6C6-21B54F8DF86F}.Debug|x86.Build.0 = Debug|Win32
		{E9DAB714-AD1F-4C21-A6C6-21B54F8DF86F}.Release|x64.ActiveCfg = Release|x64
		{E9DAB714-AD1F-4C21-A6C6-21B54F8DF86F}.Release|x64.Build.0 = Release|x64
		{E9DAB714-AD1F-4C21-A6C6-21B54F8DF86F}.Release|x86.ActiveCfg = Release|Win32
		{E9DAB714-AD1F-4C21-A6C6-21B54F8DF86F}.Release|x86.Build.0 = Release|Win32
		{EF3D102D-19C4-4BD6-8968-A42638B548F3}.Debug|x64.ActiveCfg = Debug|x64
		{EF3D102D-19C4-4BD6-8968-A42638B548F3}.Debug|x64.Build.0 = Debug|x64
		{EF3D102D-19C4-4BD6-8968-A42638B548F3}.Debug|x86.ActiveCfg = Debug|Win32
		{EF3D102D-19C4-4BD6-8968-A42638B548F3}.Debug|x86.Build.0 = Debug|Win32
		{EF3D102D-19C4-4BD6-8968-A42638B548F3}.Release|x64.ActiveCfg = Release|x64
		{EF3D102D-19C4-4BD6-8968-A42638B548F3}.Release|x64.Build.0 = Release|x64
		{EF3D102D-19C4-4BD6-8968-A42638B548F3}.Release|x86.ActiveCfg = Release|Win32
		{EF3D102D-19C4-4BD6-8968-A42638B548F3}.Release|x86.Build.0 = Release|Win32
	EndGlobalSection
	GlobalSection(SolutionProperties) = preSolution
		HideSolutionNode = FALSE
	EndGlobalSection
	GlobalSection(ExtensibilityGlobals) = postSolution
		SolutionGuid = {C43A6541-EB71-44A6-A01F-D3AB3C5F55AD}
	EndGlobalSection
EndGlobal
